// !$*UTF8*$!
{
	archiveVersion = 1;
	classes = {
	};
	objectVersion = 48;
	objects = {

/* Begin PBXBuildFile section */
		11267A9E200FEBAC003FD027 /* FetchImageOperation.swift in Sources */ = {isa = PBXBuildFile; fileRef = 11267A9D200FEBAC003FD027 /* FetchImageOperation.swift */; };
		11267AA020114A0D003FD027 /* SearchKeyApiResource.swift in Sources */ = {isa = PBXBuildFile; fileRef = 11267A9F20114A0D003FD027 /* SearchKeyApiResource.swift */; };
		1151ADFD200EAF9900ACC4F2 /* TradeMeApiClient.swift in Sources */ = {isa = PBXBuildFile; fileRef = 1151ADFC200EAF9900ACC4F2 /* TradeMeApiClient.swift */; };
		1151AE01200EB70C00ACC4F2 /* ListingDetailViewController.swift in Sources */ = {isa = PBXBuildFile; fileRef = 1151AE00200EB70C00ACC4F2 /* ListingDetailViewController.swift */; };
		1151AE04200EBAA500ACC4F2 /* ListingsViewModel.swift in Sources */ = {isa = PBXBuildFile; fileRef = 1151AE03200EBAA500ACC4F2 /* ListingsViewModel.swift */; };
		1151AE06200EBB9C00ACC4F2 /* CategoriesViewModel.swift in Sources */ = {isa = PBXBuildFile; fileRef = 1151AE05200EBB9C00ACC4F2 /* CategoriesViewModel.swift */; };
		8627FA66200819E2007EF28F /* AppDelegate.swift in Sources */ = {isa = PBXBuildFile; fileRef = 8627FA65200819E2007EF28F /* AppDelegate.swift */; };
		8627FA6B200819E2007EF28F /* Main.storyboard in Resources */ = {isa = PBXBuildFile; fileRef = 8627FA69200819E2007EF28F /* Main.storyboard */; };
		8627FA6D200819E2007EF28F /* Assets.xcassets in Resources */ = {isa = PBXBuildFile; fileRef = 8627FA6C200819E2007EF28F /* Assets.xcassets */; };
		8627FA70200819E2007EF28F /* LaunchScreen.storyboard in Resources */ = {isa = PBXBuildFile; fileRef = 8627FA6E200819E2007EF28F /* LaunchScreen.storyboard */; };
		8627FA7B200819E2007EF28F /* trademeTests.swift in Sources */ = {isa = PBXBuildFile; fileRef = 8627FA7A200819E2007EF28F /* trademeTests.swift */; };
		8627FA87200A28F0007EF28F /* ApiResource.swift in Sources */ = {isa = PBXBuildFile; fileRef = 8627FA86200A28F0007EF28F /* ApiResource.swift */; };
		8627FA89200A4056007EF28F /* CategoryApiResource.swift in Sources */ = {isa = PBXBuildFile; fileRef = 8627FA88200A4056007EF28F /* CategoryApiResource.swift */; };
		8627FA8B200A4089007EF28F /* Category.swift in Sources */ = {isa = PBXBuildFile; fileRef = 8627FA8A200A4089007EF28F /* Category.swift */; };
		8627FA8D200AA3B3007EF28F /* SearchResult.swift in Sources */ = {isa = PBXBuildFile; fileRef = 8627FA8C200AA3B3007EF28F /* SearchResult.swift */; };
		8627FA8F200AA3F7007EF28F /* Listing.swift in Sources */ = {isa = PBXBuildFile; fileRef = 8627FA8E200AA3F7007EF28F /* Listing.swift */; };
		8627FA91200AA410007EF28F /* Photo.swift in Sources */ = {isa = PBXBuildFile; fileRef = 8627FA90200AA410007EF28F /* Photo.swift */; };
		8627FA93200AA430007EF28F /* PhotoUrl.swift in Sources */ = {isa = PBXBuildFile; fileRef = 8627FA92200AA430007EF28F /* PhotoUrl.swift */; };
		8627FA98200AA4B9007EF28F /* SearchApiResource.swift in Sources */ = {isa = PBXBuildFile; fileRef = 8627FA97200AA4B9007EF28F /* SearchApiResource.swift */; };
		8627FA9A200AA4E8007EF28F /* ListingApiResource.swift in Sources */ = {isa = PBXBuildFile; fileRef = 8627FA99200AA4E8007EF28F /* ListingApiResource.swift */; };
		8627FA9C200AA512007EF28F /* ApiRequest.swift in Sources */ = {isa = PBXBuildFile; fileRef = 8627FA9B200AA512007EF28F /* ApiRequest.swift */; };
		8627FA9E200AA66D007EF28F /* ImageRequest.swift in Sources */ = {isa = PBXBuildFile; fileRef = 8627FA9D200AA66D007EF28F /* ImageRequest.swift */; };
		8627FAA0200AA6D6007EF28F /* NetworkRequest.swift in Sources */ = {isa = PBXBuildFile; fileRef = 8627FA9F200AA6D6007EF28F /* NetworkRequest.swift */; };
		8627FAA2200AAA38007EF28F /* CategoriesViewController.swift in Sources */ = {isa = PBXBuildFile; fileRef = 8627FAA1200AAA38007EF28F /* CategoriesViewController.swift */; };
		8627FAA4200AAAB9007EF28F /* ListingsViewController.swift in Sources */ = {isa = PBXBuildFile; fileRef = 8627FAA3200AAAB9007EF28F /* ListingsViewController.swift */; };
		864DE532200CC13A009F971E /* Quick.framework in Frameworks */ = {isa = PBXBuildFile; fileRef = 864DE530200CC13A009F971E /* Quick.framework */; };
		864DE533200CC13A009F971E /* Nimble.framework in Frameworks */ = {isa = PBXBuildFile; fileRef = 864DE531200CC13A009F971E /* Nimble.framework */; };
		864DE535200CC172009F971E /* Nimble.framework in CopyFiles */ = {isa = PBXBuildFile; fileRef = 864DE531200CC13A009F971E /* Nimble.framework */; settings = {ATTRIBUTES = (CodeSignOnCopy, RemoveHeadersOnCopy, ); }; };
		864DE536200CC172009F971E /* Quick.framework in CopyFiles */ = {isa = PBXBuildFile; fileRef = 864DE530200CC13A009F971E /* Quick.framework */; settings = {ATTRIBUTES = (CodeSignOnCopy, RemoveHeadersOnCopy, ); }; };
/* End PBXBuildFile section */

/* Begin PBXContainerItemProxy section */
		8627FA77200819E2007EF28F /* PBXContainerItemProxy */ = {
			isa = PBXContainerItemProxy;
			containerPortal = 8627FA5A200819E1007EF28F /* Project object */;
			proxyType = 1;
			remoteGlobalIDString = 8627FA61200819E1007EF28F;
			remoteInfo = trademe;
		};
/* End PBXContainerItemProxy section */

/* Begin PBXCopyFilesBuildPhase section */
		864DE534200CC15B009F971E /* CopyFiles */ = {
			isa = PBXCopyFilesBuildPhase;
			buildActionMask = 2147483647;
			dstPath = "";
			dstSubfolderSpec = 10;
			files = (
				864DE535200CC172009F971E /* Nimble.framework in CopyFiles */,
				864DE536200CC172009F971E /* Quick.framework in CopyFiles */,
			);
			runOnlyForDeploymentPostprocessing = 0;
		};
/* End PBXCopyFilesBuildPhase section */

/* Begin PBXFileReference section */
		11267A9D200FEBAC003FD027 /* FetchImageOperation.swift */ = {isa = PBXFileReference; lastKnownFileType = sourcecode.swift; path = FetchImageOperation.swift; sourceTree = "<group>"; };
		11267A9F20114A0D003FD027 /* SearchKeyApiResource.swift */ = {isa = PBXFileReference; lastKnownFileType = sourcecode.swift; path = SearchKeyApiResource.swift; sourceTree = "<group>"; };
		1151ADFC200EAF9900ACC4F2 /* TradeMeApiClient.swift */ = {isa = PBXFileReference; lastKnownFileType = sourcecode.swift; path = TradeMeApiClient.swift; sourceTree = "<group>"; };
		1151AE00200EB70C00ACC4F2 /* ListingDetailViewController.swift */ = {isa = PBXFileReference; lastKnownFileType = sourcecode.swift; path = ListingDetailViewController.swift; sourceTree = "<group>"; };
		1151AE03200EBAA500ACC4F2 /* ListingsViewModel.swift */ = {isa = PBXFileReference; lastKnownFileType = sourcecode.swift; path = ListingsViewModel.swift; sourceTree = "<group>"; };
		1151AE05200EBB9C00ACC4F2 /* CategoriesViewModel.swift */ = {isa = PBXFileReference; lastKnownFileType = sourcecode.swift; path = CategoriesViewModel.swift; sourceTree = "<group>"; };
		8627FA62200819E1007EF28F /* trademe.app */ = {isa = PBXFileReference; explicitFileType = wrapper.application; includeInIndex = 0; path = trademe.app; sourceTree = BUILT_PRODUCTS_DIR; };
		8627FA65200819E2007EF28F /* AppDelegate.swift */ = {isa = PBXFileReference; lastKnownFileType = sourcecode.swift; path = AppDelegate.swift; sourceTree = "<group>"; };
		8627FA6A200819E2007EF28F /* Base */ = {isa = PBXFileReference; lastKnownFileType = file.storyboard; name = Base; path = Base.lproj/Main.storyboard; sourceTree = "<group>"; };
		8627FA6C200819E2007EF28F /* Assets.xcassets */ = {isa = PBXFileReference; lastKnownFileType = folder.assetcatalog; path = Assets.xcassets; sourceTree = "<group>"; };
		8627FA6F200819E2007EF28F /* Base */ = {isa = PBXFileReference; lastKnownFileType = file.storyboard; name = Base; path = Base.lproj/LaunchScreen.storyboard; sourceTree = "<group>"; };
		8627FA71200819E2007EF28F /* Info.plist */ = {isa = PBXFileReference; lastKnownFileType = text.plist.xml; path = Info.plist; sourceTree = "<group>"; };
		8627FA76200819E2007EF28F /* trademeTests.xctest */ = {isa = PBXFileReference; explicitFileType = wrapper.cfbundle; includeInIndex = 0; path = trademeTests.xctest; sourceTree = BUILT_PRODUCTS_DIR; };
		8627FA7A200819E2007EF28F /* trademeTests.swift */ = {isa = PBXFileReference; lastKnownFileType = sourcecode.swift; path = trademeTests.swift; sourceTree = "<group>"; };
		8627FA7C200819E2007EF28F /* Info.plist */ = {isa = PBXFileReference; lastKnownFileType = text.plist.xml; path = Info.plist; sourceTree = "<group>"; };
		8627FA86200A28F0007EF28F /* ApiResource.swift */ = {isa = PBXFileReference; lastKnownFileType = sourcecode.swift; path = ApiResource.swift; sourceTree = "<group>"; };
		8627FA88200A4056007EF28F /* CategoryApiResource.swift */ = {isa = PBXFileReference; lastKnownFileType = sourcecode.swift; path = CategoryApiResource.swift; sourceTree = "<group>"; };
		8627FA8A200A4089007EF28F /* Category.swift */ = {isa = PBXFileReference; lastKnownFileType = sourcecode.swift; path = Category.swift; sourceTree = "<group>"; };
		8627FA8C200AA3B3007EF28F /* SearchResult.swift */ = {isa = PBXFileReference; lastKnownFileType = sourcecode.swift; path = SearchResult.swift; sourceTree = "<group>"; };
		8627FA8E200AA3F7007EF28F /* Listing.swift */ = {isa = PBXFileReference; lastKnownFileType = sourcecode.swift; path = Listing.swift; sourceTree = "<group>"; };
		8627FA90200AA410007EF28F /* Photo.swift */ = {isa = PBXFileReference; lastKnownFileType = sourcecode.swift; path = Photo.swift; sourceTree = "<group>"; };
		8627FA92200AA430007EF28F /* PhotoUrl.swift */ = {isa = PBXFileReference; lastKnownFileType = sourcecode.swift; path = PhotoUrl.swift; sourceTree = "<group>"; };
		8627FA97200AA4B9007EF28F /* SearchApiResource.swift */ = {isa = PBXFileReference; lastKnownFileType = sourcecode.swift; path = SearchApiResource.swift; sourceTree = "<group>"; };
		8627FA99200AA4E8007EF28F /* ListingApiResource.swift */ = {isa = PBXFileReference; lastKnownFileType = sourcecode.swift; path = ListingApiResource.swift; sourceTree = "<group>"; };
		8627FA9B200AA512007EF28F /* ApiRequest.swift */ = {isa = PBXFileReference; lastKnownFileType = sourcecode.swift; path = ApiRequest.swift; sourceTree = "<group>"; };
		8627FA9D200AA66D007EF28F /* ImageRequest.swift */ = {isa = PBXFileReference; lastKnownFileType = sourcecode.swift; path = ImageRequest.swift; sourceTree = "<group>"; };
		8627FA9F200AA6D6007EF28F /* NetworkRequest.swift */ = {isa = PBXFileReference; lastKnownFileType = sourcecode.swift; path = NetworkRequest.swift; sourceTree = "<group>"; };
		8627FAA1200AAA38007EF28F /* CategoriesViewController.swift */ = {isa = PBXFileReference; lastKnownFileType = sourcecode.swift; path = CategoriesViewController.swift; sourceTree = "<group>"; };
		8627FAA3200AAAB9007EF28F /* ListingsViewController.swift */ = {isa = PBXFileReference; lastKnownFileType = sourcecode.swift; path = ListingsViewController.swift; sourceTree = "<group>"; };
		864DE530200CC13A009F971E /* Quick.framework */ = {isa = PBXFileReference; lastKnownFileType = wrapper.framework; name = Quick.framework; path = Carthage/Build/iOS/Quick.framework; sourceTree = "<group>"; };
		864DE531200CC13A009F971E /* Nimble.framework */ = {isa = PBXFileReference; lastKnownFileType = wrapper.framework; name = Nimble.framework; path = Carthage/Build/iOS/Nimble.framework; sourceTree = "<group>"; };
/* End PBXFileReference section */

/* Begin PBXFrameworksBuildPhase section */
		8627FA5F200819E1007EF28F /* Frameworks */ = {
			isa = PBXFrameworksBuildPhase;
			buildActionMask = 2147483647;
			files = (
			);
			runOnlyForDeploymentPostprocessing = 0;
		};
		8627FA73200819E2007EF28F /* Frameworks */ = {
			isa = PBXFrameworksBuildPhase;
			buildActionMask = 2147483647;
			files = (
				864DE532200CC13A009F971E /* Quick.framework in Frameworks */,
				864DE533200CC13A009F971E /* Nimble.framework in Frameworks */,
			);
			runOnlyForDeploymentPostprocessing = 0;
		};
/* End PBXFrameworksBuildPhase section */

/* Begin PBXGroup section */
		1151ADFE200EB66600ACC4F2 /* Commons */ = {
			isa = PBXGroup;
			children = (
				8627FA86200A28F0007EF28F /* ApiResource.swift */,
				8627FA9B200AA512007EF28F /* ApiRequest.swift */,
				8627FA9F200AA6D6007EF28F /* NetworkRequest.swift */,
				8627FA9D200AA66D007EF28F /* ImageRequest.swift */,
			);
			path = Commons;
			sourceTree = "<group>";
		};
		1151ADFF200EB6AB00ACC4F2 /* TradeMe */ = {
			isa = PBXGroup;
			children = (
				8627FA94200AA450007EF28F /* Category */,
				8627FA96200AA484007EF28F /* Listing */,
				8627FA95200AA469007EF28F /* Search */,
				1151ADFC200EAF9900ACC4F2 /* TradeMeApiClient.swift */,
			);
			path = TradeMe;
			sourceTree = "<group>";
		};
		1151AE02200EB74600ACC4F2 /* ListingDetail */ = {
			isa = PBXGroup;
			children = (
				1151AE00200EB70C00ACC4F2 /* ListingDetailViewController.swift */,
			);
			name = ListingDetail;
			path = "New Group";
			sourceTree = "<group>";
		};
		8627FA59200819E1007EF28F = {
			isa = PBXGroup;
			children = (
				8627FA64200819E1007EF28F /* trademe */,
				8627FA79200819E2007EF28F /* trademeTests */,
				8627FA63200819E1007EF28F /* Products */,
				864DE52F200CC139009F971E /* Frameworks */,
			);
			sourceTree = "<group>";
		};
		8627FA63200819E1007EF28F /* Products */ = {
			isa = PBXGroup;
			children = (
				8627FA62200819E1007EF28F /* trademe.app */,
				8627FA76200819E2007EF28F /* trademeTests.xctest */,
			);
			name = Products;
			sourceTree = "<group>";
		};
		8627FA64200819E1007EF28F /* trademe */ = {
			isa = PBXGroup;
			children = (
				8627FA65200819E2007EF28F /* AppDelegate.swift */,
				8627FA85200A28D2007EF28F /* Api */,
				8627FAA5200B4863007EF28F /* ViewController */,
				8627FA69200819E2007EF28F /* Main.storyboard */,
				8627FA6C200819E2007EF28F /* Assets.xcassets */,
				8627FA6E200819E2007EF28F /* LaunchScreen.storyboard */,
				8627FA71200819E2007EF28F /* Info.plist */,
			);
			path = trademe;
			sourceTree = "<group>";
		};
		8627FA79200819E2007EF28F /* trademeTests */ = {
			isa = PBXGroup;
			children = (
				8627FA7A200819E2007EF28F /* trademeTests.swift */,
				8627FA7C200819E2007EF28F /* Info.plist */,
			);
			path = trademeTests;
			sourceTree = "<group>";
		};
		8627FA85200A28D2007EF28F /* Api */ = {
			isa = PBXGroup;
			children = (
				1151ADFE200EB66600ACC4F2 /* Commons */,
				1151ADFF200EB6AB00ACC4F2 /* TradeMe */,
			);
			path = Api;
			sourceTree = "<group>";
		};
		8627FA94200AA450007EF28F /* Category */ = {
			isa = PBXGroup;
			children = (
				8627FA8A200A4089007EF28F /* Category.swift */,
				8627FA88200A4056007EF28F /* CategoryApiResource.swift */,
			);
			path = Category;
			sourceTree = "<group>";
		};
		8627FA95200AA469007EF28F /* Search */ = {
			isa = PBXGroup;
			children = (
				8627FA8C200AA3B3007EF28F /* SearchResult.swift */,
				8627FA97200AA4B9007EF28F /* SearchApiResource.swift */,
				11267A9F20114A0D003FD027 /* SearchKeyApiResource.swift */,
			);
			path = Search;
			sourceTree = "<group>";
		};
		8627FA96200AA484007EF28F /* Listing */ = {
			isa = PBXGroup;
			children = (
				8627FA8E200AA3F7007EF28F /* Listing.swift */,
				8627FA99200AA4E8007EF28F /* ListingApiResource.swift */,
				8627FA90200AA410007EF28F /* Photo.swift */,
				8627FA92200AA430007EF28F /* PhotoUrl.swift */,
			);
			path = Listing;
			sourceTree = "<group>";
		};
		8627FAA5200B4863007EF28F /* ViewController */ = {
			isa = PBXGroup;
			children = (
				8627FAA7200B48A6007EF28F /* Categories */,
				1151AE02200EB74600ACC4F2 /* ListingDetail */,
				8627FAA6200B4884007EF28F /* Listings */,
			);
			path = ViewController;
			sourceTree = "<group>";
		};
		8627FAA6200B4884007EF28F /* Listings */ = {
			isa = PBXGroup;
			children = (
				11267A9D200FEBAC003FD027 /* FetchImageOperation.swift */,
				8627FAA3200AAAB9007EF28F /* ListingsViewController.swift */,
				1151AE03200EBAA500ACC4F2 /* ListingsViewModel.swift */,
			);
			path = Listings;
			sourceTree = "<group>";
		};
		8627FAA7200B48A6007EF28F /* Categories */ = {
			isa = PBXGroup;
			children = (
				8627FAA1200AAA38007EF28F /* CategoriesViewController.swift */,
				1151AE05200EBB9C00ACC4F2 /* CategoriesViewModel.swift */,
			);
			path = Categories;
			sourceTree = "<group>";
		};
		864DE52F200CC139009F971E /* Frameworks */ = {
			isa = PBXGroup;
			children = (
				864DE531200CC13A009F971E /* Nimble.framework */,
				864DE530200CC13A009F971E /* Quick.framework */,
			);
			name = Frameworks;
			sourceTree = "<group>";
		};
/* End PBXGroup section */

/* Begin PBXNativeTarget section */
		8627FA61200819E1007EF28F /* trademe */ = {
			isa = PBXNativeTarget;
			buildConfigurationList = 8627FA7F200819E2007EF28F /* Build configuration list for PBXNativeTarget "trademe" */;
			buildPhases = (
				8627FA5E200819E1007EF28F /* Sources */,
				8627FA5F200819E1007EF28F /* Frameworks */,
				8627FA60200819E1007EF28F /* Resources */,
			);
			buildRules = (
			);
			dependencies = (
			);
			name = trademe;
			productName = trademe;
			productReference = 8627FA62200819E1007EF28F /* trademe.app */;
			productType = "com.apple.product-type.application";
		};
		8627FA75200819E2007EF28F /* trademeTests */ = {
			isa = PBXNativeTarget;
			buildConfigurationList = 8627FA82200819E2007EF28F /* Build configuration list for PBXNativeTarget "trademeTests" */;
			buildPhases = (
				8627FA72200819E2007EF28F /* Sources */,
				8627FA73200819E2007EF28F /* Frameworks */,
				8627FA74200819E2007EF28F /* Resources */,
				864DE534200CC15B009F971E /* CopyFiles */,
			);
			buildRules = (
			);
			dependencies = (
				8627FA78200819E2007EF28F /* PBXTargetDependency */,
			);
			name = trademeTests;
			productName = trademeTests;
			productReference = 8627FA76200819E2007EF28F /* trademeTests.xctest */;
			productType = "com.apple.product-type.bundle.unit-test";
		};
/* End PBXNativeTarget section */

/* Begin PBXProject section */
		8627FA5A200819E1007EF28F /* Project object */ = {
			isa = PBXProject;
			attributes = {
				LastSwiftUpdateCheck = 0920;
				LastUpgradeCheck = 0920;
				ORGANIZATIONNAME = bengelsdorf;
				TargetAttributes = {
					8627FA61200819E1007EF28F = {
						CreatedOnToolsVersion = 9.2;
						ProvisioningStyle = Automatic;
					};
					8627FA75200819E2007EF28F = {
						CreatedOnToolsVersion = 9.2;
						ProvisioningStyle = Automatic;
						TestTargetID = 8627FA61200819E1007EF28F;
					};
				};
			};
			buildConfigurationList = 8627FA5D200819E1007EF28F /* Build configuration list for PBXProject "trademe" */;
			compatibilityVersion = "Xcode 8.0";
			developmentRegion = en;
			hasScannedForEncodings = 0;
			knownRegions = (
				en,
				Base,
			);
			mainGroup = 8627FA59200819E1007EF28F;
			productRefGroup = 8627FA63200819E1007EF28F /* Products */;
			projectDirPath = "";
			projectRoot = "";
			targets = (
				8627FA61200819E1007EF28F /* trademe */,
				8627FA75200819E2007EF28F /* trademeTests */,
			);
		};
/* End PBXProject section */

/* Begin PBXResourcesBuildPhase section */
		8627FA60200819E1007EF28F /* Resources */ = {
			isa = PBXResourcesBuildPhase;
			buildActionMask = 2147483647;
			files = (
				8627FA70200819E2007EF28F /* LaunchScreen.storyboard in Resources */,
				8627FA6D200819E2007EF28F /* Assets.xcassets in Resources */,
				8627FA6B200819E2007EF28F /* Main.storyboard in Resources */,
			);
			runOnlyForDeploymentPostprocessing = 0;
		};
		8627FA74200819E2007EF28F /* Resources */ = {
			isa = PBXResourcesBuildPhase;
			buildActionMask = 2147483647;
			files = (
			);
			runOnlyForDeploymentPostprocessing = 0;
		};
/* End PBXResourcesBuildPhase section */

/* Begin PBXSourcesBuildPhase section */
		8627FA5E200819E1007EF28F /* Sources */ = {
			isa = PBXSourcesBuildPhase;
			buildActionMask = 2147483647;
			files = (
				8627FAA0200AA6D6007EF28F /* NetworkRequest.swift in Sources */,
				8627FA91200AA410007EF28F /* Photo.swift in Sources */,
				11267A9E200FEBAC003FD027 /* FetchImageOperation.swift in Sources */,
				11267AA020114A0D003FD027 /* SearchKeyApiResource.swift in Sources */,
				8627FA89200A4056007EF28F /* CategoryApiResource.swift in Sources */,
				1151AE04200EBAA500ACC4F2 /* ListingsViewModel.swift in Sources */,
				8627FAA4200AAAB9007EF28F /* ListingsViewController.swift in Sources */,
				8627FA9C200AA512007EF28F /* ApiRequest.swift in Sources */,
				1151ADFD200EAF9900ACC4F2 /* TradeMeApiClient.swift in Sources */,
				1151AE01200EB70C00ACC4F2 /* ListingDetailViewController.swift in Sources */,
				8627FA98200AA4B9007EF28F /* SearchApiResource.swift in Sources */,
				8627FA8F200AA3F7007EF28F /* Listing.swift in Sources */,
				8627FA8B200A4089007EF28F /* Category.swift in Sources */,
				8627FA9A200AA4E8007EF28F /* ListingApiResource.swift in Sources */,
				8627FA9E200AA66D007EF28F /* ImageRequest.swift in Sources */,
				8627FAA2200AAA38007EF28F /* CategoriesViewController.swift in Sources */,
				8627FA66200819E2007EF28F /* AppDelegate.swift in Sources */,
				8627FA8D200AA3B3007EF28F /* SearchResult.swift in Sources */,
				8627FA93200AA430007EF28F /* PhotoUrl.swift in Sources */,
				1151AE06200EBB9C00ACC4F2 /* CategoriesViewModel.swift in Sources */,
				8627FA87200A28F0007EF28F /* ApiResource.swift in Sources */,
			);
			runOnlyForDeploymentPostprocessing = 0;
		};
		8627FA72200819E2007EF28F /* Sources */ = {
			isa = PBXSourcesBuildPhase;
			buildActionMask = 2147483647;
			files = (
				8627FA7B200819E2007EF28F /* trademeTests.swift in Sources */,
			);
			runOnlyForDeploymentPostprocessing = 0;
		};
/* End PBXSourcesBuildPhase section */

/* Begin PBXTargetDependency section */
		8627FA78200819E2007EF28F /* PBXTargetDependency */ = {
			isa = PBXTargetDependency;
			target = 8627FA61200819E1007EF28F /* trademe */;
			targetProxy = 8627FA77200819E2007EF28F /* PBXContainerItemProxy */;
		};
/* End PBXTargetDependency section */

/* Begin PBXVariantGroup section */
		8627FA69200819E2007EF28F /* Main.storyboard */ = {
			isa = PBXVariantGroup;
			children = (
				8627FA6A200819E2007EF28F /* Base */,
			);
			name = Main.storyboard;
			sourceTree = "<group>";
		};
		8627FA6E200819E2007EF28F /* LaunchScreen.storyboard */ = {
			isa = PBXVariantGroup;
			children = (
				8627FA6F200819E2007EF28F /* Base */,
			);
			name = LaunchScreen.storyboard;
			sourceTree = "<group>";
		};
/* End PBXVariantGroup section */

/* Begin XCBuildConfiguration section */
		8627FA7D200819E2007EF28F /* Debug */ = {
			isa = XCBuildConfiguration;
			buildSettings = {
				ALWAYS_SEARCH_USER_PATHS = NO;
				CLANG_ANALYZER_NONNULL = YES;
				CLANG_ANALYZER_NUMBER_OBJECT_CONVERSION = YES_AGGRESSIVE;
				CLANG_CXX_LANGUAGE_STANDARD = "gnu++14";
				CLANG_CXX_LIBRARY = "libc++";
				CLANG_ENABLE_MODULES = YES;
				CLANG_ENABLE_OBJC_ARC = YES;
				CLANG_WARN_BLOCK_CAPTURE_AUTORELEASING = YES;
				CLANG_WARN_BOOL_CONVERSION = YES;
				CLANG_WARN_COMMA = YES;
				CLANG_WARN_CONSTANT_CONVERSION = YES;
				CLANG_WARN_DIRECT_OBJC_ISA_USAGE = YES_ERROR;
				CLANG_WARN_DOCUMENTATION_COMMENTS = YES;
				CLANG_WARN_EMPTY_BODY = YES;
				CLANG_WARN_ENUM_CONVERSION = YES;
				CLANG_WARN_INFINITE_RECURSION = YES;
				CLANG_WARN_INT_CONVERSION = YES;
				CLANG_WARN_NON_LITERAL_NULL_CONVERSION = YES;
				CLANG_WARN_OBJC_LITERAL_CONVERSION = YES;
				CLANG_WARN_OBJC_ROOT_CLASS = YES_ERROR;
				CLANG_WARN_RANGE_LOOP_ANALYSIS = YES;
				CLANG_WARN_STRICT_PROTOTYPES = YES;
				CLANG_WARN_SUSPICIOUS_MOVE = YES;
				CLANG_WARN_UNGUARDED_AVAILABILITY = YES_AGGRESSIVE;
				CLANG_WARN_UNREACHABLE_CODE = YES;
				CLANG_WARN__DUPLICATE_METHOD_MATCH = YES;
				CODE_SIGN_IDENTITY = "iPhone Developer";
				COPY_PHASE_STRIP = NO;
				DEBUG_INFORMATION_FORMAT = dwarf;
				ENABLE_STRICT_OBJC_MSGSEND = YES;
				ENABLE_TESTABILITY = YES;
				GCC_C_LANGUAGE_STANDARD = gnu11;
				GCC_DYNAMIC_NO_PIC = NO;
				GCC_NO_COMMON_BLOCKS = YES;
				GCC_OPTIMIZATION_LEVEL = 0;
				GCC_PREPROCESSOR_DEFINITIONS = (
					"DEBUG=1",
					"$(inherited)",
				);
				GCC_WARN_64_TO_32_BIT_CONVERSION = YES;
				GCC_WARN_ABOUT_RETURN_TYPE = YES_ERROR;
				GCC_WARN_UNDECLARED_SELECTOR = YES;
				GCC_WARN_UNINITIALIZED_AUTOS = YES_AGGRESSIVE;
				GCC_WARN_UNUSED_FUNCTION = YES;
				GCC_WARN_UNUSED_VARIABLE = YES;
				IPHONEOS_DEPLOYMENT_TARGET = 11.2;
				MTL_ENABLE_DEBUG_INFO = YES;
				ONLY_ACTIVE_ARCH = YES;
				SDKROOT = iphoneos;
				SWIFT_ACTIVE_COMPILATION_CONDITIONS = DEBUG;
				SWIFT_OPTIMIZATION_LEVEL = "-Onone";
			};
			name = Debug;
		};
		8627FA7E200819E2007EF28F /* Release */ = {
			isa = XCBuildConfiguration;
			buildSettings = {
				ALWAYS_SEARCH_USER_PATHS = NO;
				CLANG_ANALYZER_NONNULL = YES;
				CLANG_ANALYZER_NUMBER_OBJECT_CONVERSION = YES_AGGRESSIVE;
				CLANG_CXX_LANGUAGE_STANDARD = "gnu++14";
				CLANG_CXX_LIBRARY = "libc++";
				CLANG_ENABLE_MODULES = YES;
				CLANG_ENABLE_OBJC_ARC = YES;
				CLANG_WARN_BLOCK_CAPTURE_AUTORELEASING = YES;
				CLANG_WARN_BOOL_CONVERSION = YES;
				CLANG_WARN_COMMA = YES;
				CLANG_WARN_CONSTANT_CONVERSION = YES;
				CLANG_WARN_DIRECT_OBJC_ISA_USAGE = YES_ERROR;
				CLANG_WARN_DOCUMENTATION_COMMENTS = YES;
				CLANG_WARN_EMPTY_BODY = YES;
				CLANG_WARN_ENUM_CONVERSION = YES;
				CLANG_WARN_INFINITE_RECURSION = YES;
				CLANG_WARN_INT_CONVERSION = YES;
				CLANG_WARN_NON_LITERAL_NULL_CONVERSION = YES;
				CLANG_WARN_OBJC_LITERAL_CONVERSION = YES;
				CLANG_WARN_OBJC_ROOT_CLASS = YES_ERROR;
				CLANG_WARN_RANGE_LOOP_ANALYSIS = YES;
				CLANG_WARN_STRICT_PROTOTYPES = YES;
				CLANG_WARN_SUSPICIOUS_MOVE = YES;
				CLANG_WARN_UNGUARDED_AVAILABILITY = YES_AGGRESSIVE;
				CLANG_WARN_UNREACHABLE_CODE = YES;
				CLANG_WARN__DUPLICATE_METHOD_MATCH = YES;
				CODE_SIGN_IDENTITY = "iPhone Developer";
				COPY_PHASE_STRIP = NO;
				DEBUG_INFORMATION_FORMAT = "dwarf-with-dsym";
				ENABLE_NS_ASSERTIONS = NO;
				ENABLE_STRICT_OBJC_MSGSEND = YES;
				GCC_C_LANGUAGE_STANDARD = gnu11;
				GCC_NO_COMMON_BLOCKS = YES;
				GCC_WARN_64_TO_32_BIT_CONVERSION = YES;
				GCC_WARN_ABOUT_RETURN_TYPE = YES_ERROR;
				GCC_WARN_UNDECLARED_SELECTOR = YES;
				GCC_WARN_UNINITIALIZED_AUTOS = YES_AGGRESSIVE;
				GCC_WARN_UNUSED_FUNCTION = YES;
				GCC_WARN_UNUSED_VARIABLE = YES;
				IPHONEOS_DEPLOYMENT_TARGET = 11.2;
				MTL_ENABLE_DEBUG_INFO = NO;
				SDKROOT = iphoneos;
				SWIFT_OPTIMIZATION_LEVEL = "-Owholemodule";
				VALIDATE_PRODUCT = YES;
			};
			name = Release;
		};
		8627FA80200819E2007EF28F /* Debug */ = {
			isa = XCBuildConfiguration;
			buildSettings = {
				ASSETCATALOG_COMPILER_APPICON_NAME = AppIcon;
				CODE_SIGN_STYLE = Automatic;
				INFOPLIST_FILE = trademe/Info.plist;
				LD_RUNPATH_SEARCH_PATHS = "$(inherited) @executable_path/Frameworks";
				PRODUCT_BUNDLE_IDENTIFIER = de.bengelsdorf.trademe;
				PRODUCT_NAME = "$(TARGET_NAME)";
				SWIFT_VERSION = 4.0;
				TARGETED_DEVICE_FAMILY = "1,2";
			};
			name = Debug;
		};
		8627FA81200819E2007EF28F /* Release */ = {
			isa = XCBuildConfiguration;
			buildSettings = {
				ASSETCATALOG_COMPILER_APPICON_NAME = AppIcon;
				CODE_SIGN_STYLE = Automatic;
				INFOPLIST_FILE = trademe/Info.plist;
				LD_RUNPATH_SEARCH_PATHS = "$(inherited) @executable_path/Frameworks";
				PRODUCT_BUNDLE_IDENTIFIER = de.bengelsdorf.trademe;
				PRODUCT_NAME = "$(TARGET_NAME)";
				SWIFT_VERSION = 4.0;
				TARGETED_DEVICE_FAMILY = "1,2";
			};
			name = Release;
		};
		8627FA83200819E2007EF28F /* Debug */ = {
			isa = XCBuildConfiguration;
			buildSettings = {
				ALWAYS_EMBED_SWIFT_STANDARD_LIBRARIES = YES;
				BUNDLE_LOADER = "$(TEST_HOST)";
				CODE_SIGN_STYLE = Automatic;
				FRAMEWORK_SEARCH_PATHS = (
					"$(inherited)",
					"$(PROJECT_DIR)/Carthage/Build/iOS",
				);
				INFOPLIST_FILE = trademeTests/Info.plist;
				LD_RUNPATH_SEARCH_PATHS = "$(inherited) @executable_path/Frameworks @loader_path/Frameworks";
				PRODUCT_BUNDLE_IDENTIFIER = de.bengelsdorf.trademeTests;
				PRODUCT_NAME = "$(TARGET_NAME)";
				SWIFT_VERSION = 4.0;
				TARGETED_DEVICE_FAMILY = "1,2";
				TEST_HOST = "$(BUILT_PRODUCTS_DIR)/trademe.app/trademe";
			};
			name = Debug;
		};
		8627FA84200819E2007EF28F /* Release */ = {
			isa = XCBuildConfiguration;
			buildSettings = {
				ALWAYS_EMBED_SWIFT_STANDARD_LIBRARIES = YES;
				BUNDLE_LOADER = "$(TEST_HOST)";
				CODE_SIGN_STYLE = Automatic;
				FRAMEWORK_SEARCH_PATHS = (
					"$(inherited)",
					"$(PROJECT_DIR)/Carthage/Build/iOS",
				);
				INFOPLIST_FILE = trademeTests/Info.plist;
				LD_RUNPATH_SEARCH_PATHS = "$(inherited) @executable_path/Frameworks @loader_path/Frameworks";
				PRODUCT_BUNDLE_IDENTIFIER = de.bengelsdorf.trademeTests;
				PRODUCT_NAME = "$(TARGET_NAME)";
				SWIFT_VERSION = 4.0;
				TARGETED_DEVICE_FAMILY = "1,2";
				TEST_HOST = "$(BUILT_PRODUCTS_DIR)/trademe.app/trademe";
			};
			name = Release;
		};
/* End XCBuildConfiguration section */

/* Begin XCConfigurationList section */
		8627FA5D200819E1007EF28F /* Build configuration list for PBXProject "trademe" */ = {
			isa = XCConfigurationList;
			buildConfigurations = (
				8627FA7D200819E2007EF28F /* Debug */,
				8627FA7E200819E2007EF28F /* Release */,
			);
			defaultConfigurationIsVisible = 0;
			defaultConfigurationName = Release;
		};
		8627FA7F200819E2007EF28F /* Build configuration list for PBXNativeTarget "trademe" */ = {
			isa = XCConfigurationList;
			buildConfigurations = (
				8627FA80200819E2007EF28F /* Debug */,
				8627FA81200819E2007EF28F /* Release */,
			);
			defaultConfigurationIsVisible = 0;
			defaultConfigurationName = Release;
		};
		8627FA82200819E2007EF28F /* Build configuration list for PBXNativeTarget "trademeTests" */ = {
			isa = XCConfigurationList;
			buildConfigurations = (
				8627FA83200819E2007EF28F /* Debug */,
				8627FA84200819E2007EF28F /* Release */,
			);
			defaultConfigurationIsVisible = 0;
			defaultConfigurationName = Release;
		};
/* End XCConfigurationList section */
	};
	rootObject = 8627FA5A200819E1007EF28F /* Project object */;
}
